{
  "nodes": {
    "flake-utils": {
      "locked": {
        "lastModified": 1659877975,
        "narHash": "sha256-zllb8aq3YO3h8B/U0/J1WBgAL8EX5yWf5pMj3G0NAmc=",
        "owner": "numtide",
        "repo": "flake-utils",
        "rev": "c0e246b9b83f637f4681389ecabcb2681b4f3af0",
        "type": "github"
      },
      "original": {
        "owner": "numtide",
        "repo": "flake-utils",
        "type": "github"
      }
    },
    "nixpkgs": {
      "locked": {
        "lastModified": 1664790708,
        "narHash": "sha256-fzxmpOPjzOVIt9KeDN4EDPI13xJn+u0uMxheKCWken8=",
        "owner": "NixOS",
        "repo": "nixpkgs",
        "rev": "81a3237b64e67b66901c735654017e75f0c50943",
        "type": "github"
      },
      "original": {
        "id": "nixpkgs",
        "ref": "nixos-22.05",
        "type": "indirect"
      }
    },
    "omnetpp": {
      "inputs": {
        "flake-utils": "flake-utils",
        "nixpkgs": "nixpkgs"
      },
      "locked": {
        "lastModified": 1666182340,
        "narHash": "sha256-vh/P+f06nG+Wz50QjYN4y6UDUmZ2Uoob2cq2D60LVuQ=",
        "owner": "omnetpp",
        "repo": "omnetpp",
        "rev": "2bbb94fd2b89d76edaa41ea21452998511ffa2ed",
        "type": "github"
      },
      "original": {
        "owner": "omnetpp",
        "ref": "flake/omnetpp-6.0.x",
        "repo": "omnetpp",
        "type": "github"
      }
    },
    "root": {
      "inputs": {
        "flake-utils": [
          "omnetpp",
          "flake-utils"
        ],
        "omnetpp": "omnetpp"
      }
    }
  },
  "root": "root",
  "version": 7
}
